
Microsoft Visual Studio Solution File, Format Version 12.00
# Visual Studio 15
Project("{FAE04EC0-301F-11D3-BF4B-00C04F79EFBC}") = "Assembly-CSharp-Editor", "Assembly-CSharp-Editor.csproj", "{781F1DFC-1A0C-617D-5A14-3224E0A08171}"
EndProject
Project("{FAE04EC0-301F-11D3-BF4B-00C04F79EFBC}") = "Assembly-CSharp", "Assembly-CSharp.csproj", "{B96AF837-3100-20D5-1BA2-ED80CE40FA9D}"
EndProject
Global
	GlobalSection(SolutionConfigurationPlatforms) = preSolution
		Debug|Any CPU = Debug|Any CPU
		Release|Any CPU = Release|Any CPU
	EndGlobalSection
	GlobalSection(ProjectConfigurationPlatforms) = postSolution
		{781F1DFC-1A0C-617D-5A14-3224E0A08171}.Debug|Any CPU.ActiveCfg = Debug|Any CPU
		{781F1DFC-1A0C-617D-5A14-3224E0A08171}.Debug|Any CPU.Build.0 = Debug|Any CPU
		{781F1DFC-1A0C-617D-5A14-3224E0A08171}.Release|Any CPU.ActiveCfg = Release|Any CPU
		{781F1DFC-1A0C-617D-5A14-3224E0A08171}.Release|Any CPU.Build.0 = Release|Any CPU
		{B96AF837-3100-20D5-1BA2-ED80CE40FA9D}.Debug|Any CPU.ActiveCfg = Debug|Any CPU
		{B96AF837-3100-20D5-1BA2-ED80CE40FA9D}.Debug|Any CPU.Build.0 = Debug|Any CPU
		{B96AF837-3100-20D5-1BA2-ED80CE40FA9D}.Release|Any CPU.ActiveCfg = Release|Any CPU
		{B96AF837-3100-20D5-1BA2-ED80CE40FA9D}.Release|Any CPU.Build.0 = Release|Any CPU
	EndGlobalSection
	GlobalSection(SolutionProperties) = preSolution
		HideSolutionNode = FALSE
	EndGlobalSection
EndGlobal
